
Microsoft Visual Studio Solution File, Format Version 12.00
# Visual Studio Version 16
VisualStudioVersion = 16.0.28803.156
MinimumVisualStudioVersion = 10.0.40219.1
Project("{F184B08F-C81C-45F6-A57F-5ABD9991F28F}") = "CallMethods", "CallMethods\CallMethods.vbproj", "{B77B3643-5117-49F9-9F21-D325FB59B7B3}"
EndProject
Global
	GlobalSection(SolutionConfigurationPlatforms) = preSolution
		Debug|Any CPU = Debug|Any CPU
		Release|Any CPU = Release|Any CPU
	EndGlobalSection
	GlobalSection(ProjectConfigurationPlatforms) = postSolution
		{B77B3643-5117-49F9-9F21-D325FB59B7B3}.Debug|Any CPU.ActiveCfg = Debug|Any CPU
		{B77B3643-5117-49F9-9F21-D325FB59B7B3}.Debug|Any CPU.Build.0 = Debug|Any CPU
		{B77B3643-5117-49F9-9F21-D325FB59B7B3}.Release|Any CPU.ActiveCfg = Release|Any CPU
		{B77B3643-5117-49F9-9F21-D325FB59B7B3}.Release|Any CPU.Build.0 = Release|Any CPU
	EndGlobalSection
	GlobalSection(SolutionProperties) = preSolution
		HideSolutionNode = FALSE
	EndGlobalSection
	GlobalSection(ExtensibilityGlobals) = postSolution
		SolutionGuid = {DC94CBDC-C0A3-4F61-BA20-EB93FDAB8E8C}
	EndGlobalSection
EndGlobal
