
Microsoft Visual Studio Solution File, Format Version 12.00
# Visual Studio Version 16
VisualStudioVersion = 16.0.28803.202
MinimumVisualStudioVersion = 10.0.40219.1
Project("{F184B08F-C81C-45F6-A57F-5ABD9991F28F}") = "OpenSavePrintDialogs", "OpenSavePrintDialogs\OpenSavePrintDialogs.vbproj", "{09F7621F-5F5D-4D6E-AAF6-6661AA24AEF8}"
EndProject
Global
	GlobalSection(SolutionConfigurationPlatforms) = preSolution
		Debug|Any CPU = Debug|Any CPU
		Release|Any CPU = Release|Any CPU
	EndGlobalSection
	GlobalSection(ProjectConfigurationPlatforms) = postSolution
		{09F7621F-5F5D-4D6E-AAF6-6661AA24AEF8}.Debug|Any CPU.ActiveCfg = Debug|Any CPU
		{09F7621F-5F5D-4D6E-AAF6-6661AA24AEF8}.Debug|Any CPU.Build.0 = Debug|Any CPU
		{09F7621F-5F5D-4D6E-AAF6-6661AA24AEF8}.Release|Any CPU.ActiveCfg = Release|Any CPU
		{09F7621F-5F5D-4D6E-AAF6-6661AA24AEF8}.Release|Any CPU.Build.0 = Release|Any CPU
	EndGlobalSection
	GlobalSection(SolutionProperties) = preSolution
		HideSolutionNode = FALSE
	EndGlobalSection
	GlobalSection(ExtensibilityGlobals) = postSolution
		SolutionGuid = {1D16152F-CFCA-47BE-887B-36F27317551C}
	EndGlobalSection
EndGlobal
