
Microsoft Visual Studio Solution File, Format Version 12.00
# Visual Studio Version 17
VisualStudioVersion = 17.12.35707.178 d17.12
MinimumVisualStudioVersion = 10.0.40219.1
Project("{F2A71F9B-5D33-465A-A702-920D77279786}") = "Helloworld", "Helloworld\Helloworld.fsproj", "{F57C33EE-AD3E-45EB-AC7A-08659F7ACF69}"
EndProject
Global
	GlobalSection(SolutionConfigurationPlatforms) = preSolution
		Debug|Any CPU = Debug|Any CPU
		Release|Any CPU = Release|Any CPU
	EndGlobalSection
	GlobalSection(ProjectConfigurationPlatforms) = postSolution
		{F57C33EE-AD3E-45EB-AC7A-08659F7ACF69}.Debug|Any CPU.ActiveCfg = Debug|Any CPU
		{F57C33EE-AD3E-45EB-AC7A-08659F7ACF69}.Debug|Any CPU.Build.0 = Debug|Any CPU
		{F57C33EE-AD3E-45EB-AC7A-08659F7ACF69}.Release|Any CPU.ActiveCfg = Release|Any CPU
		{F57C33EE-AD3E-45EB-AC7A-08659F7ACF69}.Release|Any CPU.Build.0 = Release|Any CPU
	EndGlobalSection
	GlobalSection(SolutionProperties) = preSolution
		HideSolutionNode = FALSE
	EndGlobalSection
EndGlobal
