
Microsoft Visual Studio Solution File, Format Version 12.00
# Visual Studio Version 16
VisualStudioVersion = 16.0.28803.202
MinimumVisualStudioVersion = 10.0.40219.1
Project("{F184B08F-C81C-45F6-A57F-5ABD9991F28F}") = "ReadWriteText", "ReadWriteText\ReadWriteText.vbproj", "{34B48988-5890-47F4-8963-2BE74D5C0460}"
EndProject
Global
	GlobalSection(SolutionConfigurationPlatforms) = preSolution
		Debug|Any CPU = Debug|Any CPU
		Release|Any CPU = Release|Any CPU
	EndGlobalSection
	GlobalSection(ProjectConfigurationPlatforms) = postSolution
		{34B48988-5890-47F4-8963-2BE74D5C0460}.Debug|Any CPU.ActiveCfg = Debug|Any CPU
		{34B48988-5890-47F4-8963-2BE74D5C0460}.Debug|Any CPU.Build.0 = Debug|Any CPU
		{34B48988-5890-47F4-8963-2BE74D5C0460}.Release|Any CPU.ActiveCfg = Release|Any CPU
		{34B48988-5890-47F4-8963-2BE74D5C0460}.Release|Any CPU.Build.0 = Release|Any CPU
	EndGlobalSection
	GlobalSection(SolutionProperties) = preSolution
		HideSolutionNode = FALSE
	EndGlobalSection
	GlobalSection(ExtensibilityGlobals) = postSolution
		SolutionGuid = {92443D86-EAA2-4904-BEC4-34775A08D45E}
	EndGlobalSection
EndGlobal
